
Microsoft Visual Studio Solution File, Format Version 12.00
# Visual Studio Version 17
VisualStudioVersion = 17.0.31903.59
MinimumVisualStudioVersion = 10.0.40219.1
Project("{2150E333-8FDC-42A3-9474-1A3956D46DE8}") = "TaskFlow.Backend", "TaskFlow.Backend", "{CC01BF76-FF87-4E8E-BD79-4CC47FD8643B}"
EndProject
Project("{FAE04EC0-301F-11D3-BF4B-00C04F79EFBC}") = "TaskFlow.Domain", "TaskFlow.Backend\TaskFlow.Domain\TaskFlow.Domain.csproj", "{A81BFEE5-03FB-4B06-AAB3-722A20695172}"
EndProject
Project("{FAE04EC0-301F-11D3-BF4B-00C04F79EFBC}") = "TaskFlow.Application", "TaskFlow.Backend\TaskFlow.Application\TaskFlow.Application.csproj", "{103D844C-8330-4BC2-85A2-9578FDAE3DF2}"
EndProject
Project("{FAE04EC0-301F-11D3-BF4B-00C04F79EFBC}") = "TaskFlow.Infrastructure", "TaskFlow.Backend\TaskFlow.Infrastructure\TaskFlow.Infrastructure.csproj", "{138BADB8-A689-4F11-94CB-77CE960577F9}"
EndProject
Project("{FAE04EC0-301F-11D3-BF4B-00C04F79EFBC}") = "TaskFlow.API", "TaskFlow.Backend\TaskFlow.API\TaskFlow.API.csproj", "{6E497341-2A90-4C40-A171-97188DF9F770}"
EndProject
Global
	GlobalSection(SolutionConfigurationPlatforms) = preSolution
		Debug|Any CPU = Debug|Any CPU
		Release|Any CPU = Release|Any CPU
	EndGlobalSection
	GlobalSection(SolutionProperties) = preSolution
		HideSolutionNode = FALSE
	EndGlobalSection
	GlobalSection(ProjectConfigurationPlatforms) = postSolution
		{A81BFEE5-03FB-4B06-AAB3-722A20695172}.Debug|Any CPU.ActiveCfg = Debug|Any CPU
		{A81BFEE5-03FB-4B06-AAB3-722A20695172}.Debug|Any CPU.Build.0 = Debug|Any CPU
		{A81BFEE5-03FB-4B06-AAB3-722A20695172}.Release|Any CPU.ActiveCfg = Release|Any CPU
		{A81BFEE5-03FB-4B06-AAB3-722A20695172}.Release|Any CPU.Build.0 = Release|Any CPU
		{103D844C-8330-4BC2-85A2-9578FDAE3DF2}.Debug|Any CPU.ActiveCfg = Debug|Any CPU
		{103D844C-8330-4BC2-85A2-9578FDAE3DF2}.Debug|Any CPU.Build.0 = Debug|Any CPU
		{103D844C-8330-4BC2-85A2-9578FDAE3DF2}.Release|Any CPU.ActiveCfg = Release|Any CPU
		{103D844C-8330-4BC2-85A2-9578FDAE3DF2}.Release|Any CPU.Build.0 = Release|Any CPU
		{138BADB8-A689-4F11-94CB-77CE960577F9}.Debug|Any CPU.ActiveCfg = Debug|Any CPU
		{138BADB8-A689-4F11-94CB-77CE960577F9}.Debug|Any CPU.Build.0 = Debug|Any CPU
		{138BADB8-A689-4F11-94CB-77CE960577F9}.Release|Any CPU.ActiveCfg = Release|Any CPU
		{138BADB8-A689-4F11-94CB-77CE960577F9}.Release|Any CPU.Build.0 = Release|Any CPU
		{6E497341-2A90-4C40-A171-97188DF9F770}.Debug|Any CPU.ActiveCfg = Debug|Any CPU
		{6E497341-2A90-4C40-A171-97188DF9F770}.Debug|Any CPU.Build.0 = Debug|Any CPU
		{6E497341-2A90-4C40-A171-97188DF9F770}.Release|Any CPU.ActiveCfg = Release|Any CPU
		{6E497341-2A90-4C40-A171-97188DF9F770}.Release|Any CPU.Build.0 = Release|Any CPU
	EndGlobalSection
	GlobalSection(NestedProjects) = preSolution
		{A81BFEE5-03FB-4B06-AAB3-722A20695172} = {CC01BF76-FF87-4E8E-BD79-4CC47FD8643B}
		{103D844C-8330-4BC2-85A2-9578FDAE3DF2} = {CC01BF76-FF87-4E8E-BD79-4CC47FD8643B}
		{138BADB8-A689-4F11-94CB-77CE960577F9} = {CC01BF76-FF87-4E8E-BD79-4CC47FD8643B}
		{6E497341-2A90-4C40-A171-97188DF9F770} = {CC01BF76-FF87-4E8E-BD79-4CC47FD8643B}
	EndGlobalSection
EndGlobal
